// !$*UTF8*$!
{
	archiveVersion = 1;
	classes = {
	};
	objectVersion = 55;
	objects = {

/* Begin PBXBuildFile section */
		1961D50C19E8FD5F7A4A7B42 /* Pods_SampleEmployeeListApp.framework in Frameworks */ = {isa = PBXBuildFile; fileRef = 4E7794CF984DCCCCDC7A9382 /* Pods_SampleEmployeeListApp.framework */; };
		27842648284C72CE00A1363D /* MapViewController.swift in Sources */ = {isa = PBXBuildFile; fileRef = 27842647284C72CE00A1363D /* MapViewController.swift */; };
		278452B5284BCD1500FFEE98 /* NetworkController.swift in Sources */ = {isa = PBXBuildFile; fileRef = 278452B4284BCD1500FFEE98 /* NetworkController.swift */; };
		278452B8284BD0D800FFEE98 /* Employee.swift in Sources */ = {isa = PBXBuildFile; fileRef = 278452B7284BD0D800FFEE98 /* Employee.swift */; };
		278452BB284BE1B900FFEE98 /* EmployeeListtableViewCell.swift in Sources */ = {isa = PBXBuildFile; fileRef = 278452BA284BE1B900FFEE98 /* EmployeeListtableViewCell.swift */; };
		2784C7FB284C31D600DD7F5A /* EmployeeDetailViewController.swift in Sources */ = {isa = PBXBuildFile; fileRef = 2784C7FA284C31D600DD7F5A /* EmployeeDetailViewController.swift */; };
		2784C7FD284C5BD700DD7F5A /* CoreDataController.swift in Sources */ = {isa = PBXBuildFile; fileRef = 2784C7FC284C5BD700DD7F5A /* CoreDataController.swift */; };
		27881872284B813D006D0784 /* AppDelegate.swift in Sources */ = {isa = PBXBuildFile; fileRef = 27881871284B813D006D0784 /* AppDelegate.swift */; };
		27881874284B813D006D0784 /* SceneDelegate.swift in Sources */ = {isa = PBXBuildFile; fileRef = 27881873284B813D006D0784 /* SceneDelegate.swift */; };
		27881876284B813D006D0784 /* ViewController.swift in Sources */ = {isa = PBXBuildFile; fileRef = 27881875284B813D006D0784 /* ViewController.swift */; };
		27881879284B813D006D0784 /* Main.storyboard in Resources */ = {isa = PBXBuildFile; fileRef = 27881877284B813D006D0784 /* Main.storyboard */; };
		2788187C284B813D006D0784 /* SampleEmployeeListApp.xcdatamodeld in Sources */ = {isa = PBXBuildFile; fileRef = 2788187A284B813D006D0784 /* SampleEmployeeListApp.xcdatamodeld */; };
		2788187E284B813F006D0784 /* Assets.xcassets in Resources */ = {isa = PBXBuildFile; fileRef = 2788187D284B813F006D0784 /* Assets.xcassets */; };
		27881881284B813F006D0784 /* LaunchScreen.storyboard in Resources */ = {isa = PBXBuildFile; fileRef = 2788187F284B813F006D0784 /* LaunchScreen.storyboard */; };
/* End PBXBuildFile section */

/* Begin PBXFileReference section */
		27842647284C72CE00A1363D /* MapViewController.swift */ = {isa = PBXFileReference; lastKnownFileType = sourcecode.swift; path = MapViewController.swift; sourceTree = "<group>"; };
		278452B4284BCD1500FFEE98 /* NetworkController.swift */ = {isa = PBXFileReference; lastKnownFileType = sourcecode.swift; path = NetworkController.swift; sourceTree = "<group>"; };
		278452B7284BD0D800FFEE98 /* Employee.swift */ = {isa = PBXFileReference; lastKnownFileType = sourcecode.swift; path = Employee.swift; sourceTree = "<group>"; };
		278452BA284BE1B900FFEE98 /* EmployeeListtableViewCell.swift */ = {isa = PBXFileReference; lastKnownFileType = sourcecode.swift; path = EmployeeListtableViewCell.swift; sourceTree = "<group>"; };
		2784C7FA284C31D600DD7F5A /* EmployeeDetailViewController.swift */ = {isa = PBXFileReference; lastKnownFileType = sourcecode.swift; path = EmployeeDetailViewController.swift; sourceTree = "<group>"; };
		2784C7FC284C5BD700DD7F5A /* CoreDataController.swift */ = {isa = PBXFileReference; lastKnownFileType = sourcecode.swift; path = CoreDataController.swift; sourceTree = "<group>"; };
		2788186E284B813D006D0784 /* SampleEmployeeListApp.app */ = {isa = PBXFileReference; explicitFileType = wrapper.application; includeInIndex = 0; path = SampleEmployeeListApp.app; sourceTree = BUILT_PRODUCTS_DIR; };
		27881871284B813D006D0784 /* AppDelegate.swift */ = {isa = PBXFileReference; lastKnownFileType = sourcecode.swift; path = AppDelegate.swift; sourceTree = "<group>"; };
		27881873284B813D006D0784 /* SceneDelegate.swift */ = {isa = PBXFileReference; lastKnownFileType = sourcecode.swift; path = SceneDelegate.swift; sourceTree = "<group>"; };
		27881875284B813D006D0784 /* ViewController.swift */ = {isa = PBXFileReference; lastKnownFileType = sourcecode.swift; path = ViewController.swift; sourceTree = "<group>"; };
		27881878284B813D006D0784 /* Base */ = {isa = PBXFileReference; lastKnownFileType = file.storyboard; name = Base; path = Base.lproj/Main.storyboard; sourceTree = "<group>"; };
		2788187B284B813D006D0784 /* SampleEmployeeListApp.xcdatamodel */ = {isa = PBXFileReference; lastKnownFileType = wrapper.xcdatamodel; path = SampleEmployeeListApp.xcdatamodel; sourceTree = "<group>"; };
		2788187D284B813F006D0784 /* Assets.xcassets */ = {isa = PBXFileReference; lastKnownFileType = folder.assetcatalog; path = Assets.xcassets; sourceTree = "<group>"; };
		27881880284B813F006D0784 /* Base */ = {isa = PBXFileReference; lastKnownFileType = file.storyboard; name = Base; path = Base.lproj/LaunchScreen.storyboard; sourceTree = "<group>"; };
		27881882284B813F006D0784 /* Info.plist */ = {isa = PBXFileReference; lastKnownFileType = text.plist.xml; path = Info.plist; sourceTree = "<group>"; };
		4E7794CF984DCCCCDC7A9382 /* Pods_SampleEmployeeListApp.framework */ = {isa = PBXFileReference; explicitFileType = wrapper.framework; includeInIndex = 0; path = Pods_SampleEmployeeListApp.framework; sourceTree = BUILT_PRODUCTS_DIR; };
		6817AEECF71C9B2B8DBE5591 /* Pods-SampleEmployeeListApp.debug.xcconfig */ = {isa = PBXFileReference; includeInIndex = 1; lastKnownFileType = text.xcconfig; name = "Pods-SampleEmployeeListApp.debug.xcconfig"; path = "Target Support Files/Pods-SampleEmployeeListApp/Pods-SampleEmployeeListApp.debug.xcconfig"; sourceTree = "<group>"; };
		ED99FE47BBDB19FBC40833E2 /* Pods-SampleEmployeeListApp.release.xcconfig */ = {isa = PBXFileReference; includeInIndex = 1; lastKnownFileType = text.xcconfig; name = "Pods-SampleEmployeeListApp.release.xcconfig"; path = "Target Support Files/Pods-SampleEmployeeListApp/Pods-SampleEmployeeListApp.release.xcconfig"; sourceTree = "<group>"; };
/* End PBXFileReference section */

/* Begin PBXFrameworksBuildPhase section */
		2788186B284B813D006D0784 /* Frameworks */ = {
			isa = PBXFrameworksBuildPhase;
			buildActionMask = 2147483647;
			files = (
				1961D50C19E8FD5F7A4A7B42 /* Pods_SampleEmployeeListApp.framework in Frameworks */,
			);
			runOnlyForDeploymentPostprocessing = 0;
		};
/* End PBXFrameworksBuildPhase section */

/* Begin PBXGroup section */
		253F8D9A070E3FF104437E7D /* Frameworks */ = {
			isa = PBXGroup;
			children = (
				4E7794CF984DCCCCDC7A9382 /* Pods_SampleEmployeeListApp.framework */,
			);
			name = Frameworks;
			sourceTree = "<group>";
		};
		278452B3284BCCF100FFEE98 /* Controllers */ = {
			isa = PBXGroup;
			children = (
				278452B4284BCD1500FFEE98 /* NetworkController.swift */,
				2784C7FC284C5BD700DD7F5A /* CoreDataController.swift */,
			);
			path = Controllers;
			sourceTree = "<group>";
		};
		278452B6284BD0B900FFEE98 /* Models */ = {
			isa = PBXGroup;
			children = (
				278452B7284BD0D800FFEE98 /* Employee.swift */,
			);
			path = Models;
			sourceTree = "<group>";
		};
		278452B9284BE19D00FFEE98 /* Views */ = {
			isa = PBXGroup;
			children = (
				278452BA284BE1B900FFEE98 /* EmployeeListtableViewCell.swift */,
			);
			path = Views;
			sourceTree = "<group>";
		};
		27881865284B813D006D0784 = {
			isa = PBXGroup;
			children = (
				27881870284B813D006D0784 /* SampleEmployeeListApp */,
				2788186F284B813D006D0784 /* Products */,
				AABF4E11BF5F59BA768FF525 /* Pods */,
				253F8D9A070E3FF104437E7D /* Frameworks */,
			);
			sourceTree = "<group>";
		};
		2788186F284B813D006D0784 /* Products */ = {
			isa = PBXGroup;
			children = (
				2788186E284B813D006D0784 /* SampleEmployeeListApp.app */,
			);
			name = Products;
			sourceTree = "<group>";
		};
		27881870284B813D006D0784 /* SampleEmployeeListApp */ = {
			isa = PBXGroup;
			children = (
				27881871284B813D006D0784 /* AppDelegate.swift */,
				27881873284B813D006D0784 /* SceneDelegate.swift */,
				27881875284B813D006D0784 /* ViewController.swift */,
				2784C7FA284C31D600DD7F5A /* EmployeeDetailViewController.swift */,
				27842647284C72CE00A1363D /* MapViewController.swift */,
				278452B9284BE19D00FFEE98 /* Views */,
				278452B6284BD0B900FFEE98 /* Models */,
				278452B3284BCCF100FFEE98 /* Controllers */,
				27881877284B813D006D0784 /* Main.storyboard */,
				2788187D284B813F006D0784 /* Assets.xcassets */,
				2788187F284B813F006D0784 /* LaunchScreen.storyboard */,
				27881882284B813F006D0784 /* Info.plist */,
				2788187A284B813D006D0784 /* SampleEmployeeListApp.xcdatamodeld */,
			);
			path = SampleEmployeeListApp;
			sourceTree = "<group>";
		};
		AABF4E11BF5F59BA768FF525 /* Pods */ = {
			isa = PBXGroup;
			children = (
				6817AEECF71C9B2B8DBE5591 /* Pods-SampleEmployeeListApp.debug.xcconfig */,
				ED99FE47BBDB19FBC40833E2 /* Pods-SampleEmployeeListApp.release.xcconfig */,
			);
			path = Pods;
			sourceTree = "<group>";
		};
/* End PBXGroup section */

/* Begin PBXNativeTarget section */
		2788186D284B813D006D0784 /* SampleEmployeeListApp */ = {
			isa = PBXNativeTarget;
			buildConfigurationList = 27881885284B813F006D0784 /* Build configuration list for PBXNativeTarget "SampleEmployeeListApp" */;
			buildPhases = (
				3F87CDE434DCB8681A7605B3 /* [CP] Check Pods Manifest.lock */,
				2788186A284B813D006D0784 /* Sources */,
				2788186B284B813D006D0784 /* Frameworks */,
				2788186C284B813D006D0784 /* Resources */,
				2AC78A78638E73854C26F421 /* [CP] Embed Pods Frameworks */,
			);
			buildRules = (
			);
			dependencies = (
			);
			name = SampleEmployeeListApp;
			productName = SampleEmployeeListApp;
			productReference = 2788186E284B813D006D0784 /* SampleEmployeeListApp.app */;
			productType = "com.apple.product-type.application";
		};
/* End PBXNativeTarget section */

/* Begin PBXProject section */
		27881866284B813D006D0784 /* Project object */ = {
			isa = PBXProject;
			attributes = {
				BuildIndependentTargetsInParallel = 1;
				LastSwiftUpdateCheck = 1320;
				LastUpgradeCheck = 1320;
				TargetAttributes = {
					2788186D284B813D006D0784 = {
						CreatedOnToolsVersion = 13.2.1;
					};
				};
			};
			buildConfigurationList = 27881869284B813D006D0784 /* Build configuration list for PBXProject "SampleEmployeeListApp" */;
			compatibilityVersion = "Xcode 13.0";
			developmentRegion = en;
			hasScannedForEncodings = 0;
			knownRegions = (
				en,
				Base,
			);
			mainGroup = 27881865284B813D006D0784;
			productRefGroup = 2788186F284B813D006D0784 /* Products */;
			projectDirPath = "";
			projectRoot = "";
			targets = (
				2788186D284B813D006D0784 /* SampleEmployeeListApp */,
			);
		};
/* End PBXProject section */

/* Begin PBXResourcesBuildPhase section */
		2788186C284B813D006D0784 /* Resources */ = {
			isa = PBXResourcesBuildPhase;
			buildActionMask = 2147483647;
			files = (
				27881881284B813F006D0784 /* LaunchScreen.storyboard in Resources */,
				2788187E284B813F006D0784 /* Assets.xcassets in Resources */,
				27881879284B813D006D0784 /* Main.storyboard in Resources */,
			);
			runOnlyForDeploymentPostprocessing = 0;
		};
/* End PBXResourcesBuildPhase section */

/* Begin PBXShellScriptBuildPhase section */
		2AC78A78638E73854C26F421 /* [CP] Embed Pods Frameworks */ = {
			isa = PBXShellScriptBuildPhase;
			buildActionMask = 2147483647;
			files = (
			);
			inputFileListPaths = (
				"${PODS_ROOT}/Target Support Files/Pods-SampleEmployeeListApp/Pods-SampleEmployeeListApp-frameworks-${CONFIGURATION}-input-files.xcfilelist",
			);
			name = "[CP] Embed Pods Frameworks";
			outputFileListPaths = (
				"${PODS_ROOT}/Target Support Files/Pods-SampleEmployeeListApp/Pods-SampleEmployeeListApp-frameworks-${CONFIGURATION}-output-files.xcfilelist",
			);
			runOnlyForDeploymentPostprocessing = 0;
			shellPath = /bin/sh;
			shellScript = "\"${PODS_ROOT}/Target Support Files/Pods-SampleEmployeeListApp/Pods-SampleEmployeeListApp-frameworks.sh\"\n";
			showEnvVarsInLog = 0;
		};
		3F87CDE434DCB8681A7605B3 /* [CP] Check Pods Manifest.lock */ = {
			isa = PBXShellScriptBuildPhase;
			buildActionMask = 2147483647;
			files = (
			);
			inputFileListPaths = (
			);
			inputPaths = (
				"${PODS_PODFILE_DIR_PATH}/Podfile.lock",
				"${PODS_ROOT}/Manifest.lock",
			);
			name = "[CP] Check Pods Manifest.lock";
			outputFileListPaths = (
			);
			outputPaths = (
				"$(DERIVED_FILE_DIR)/Pods-SampleEmployeeListApp-checkManifestLockResult.txt",
			);
			runOnlyForDeploymentPostprocessing = 0;
			shellPath = /bin/sh;
			shellScript = "diff \"${PODS_PODFILE_DIR_PATH}/Podfile.lock\" \"${PODS_ROOT}/Manifest.lock\" > /dev/null\nif [ $? != 0 ] ; then\n    # print error to STDERR\n    echo \"error: The sandbox is not in sync with the Podfile.lock. Run 'pod install' or update your CocoaPods installation.\" >&2\n    exit 1\nfi\n# This output is used by Xcode 'outputs' to avoid re-running this script phase.\necho \"SUCCESS\" > \"${SCRIPT_OUTPUT_FILE_0}\"\n";
			showEnvVarsInLog = 0;
		};
/* End PBXShellScriptBuildPhase section */

/* Begin PBXSourcesBuildPhase section */
		2788186A284B813D006D0784 /* Sources */ = {
			isa = PBXSourcesBuildPhase;
			buildActionMask = 2147483647;
			files = (
				278452B5284BCD1500FFEE98 /* NetworkController.swift in Sources */,
				278452B8284BD0D800FFEE98 /* Employee.swift in Sources */,
				27881876284B813D006D0784 /* ViewController.swift in Sources */,
				27842648284C72CE00A1363D /* MapViewController.swift in Sources */,
				2784C7FB284C31D600DD7F5A /* EmployeeDetailViewController.swift in Sources */,
				278452BB284BE1B900FFEE98 /* EmployeeListtableViewCell.swift in Sources */,
				2784C7FD284C5BD700DD7F5A /* CoreDataController.swift in Sources */,
				2788187C284B813D006D0784 /* SampleEmployeeListApp.xcdatamodeld in Sources */,
				27881872284B813D006D0784 /* AppDelegate.swift in Sources */,
				27881874284B813D006D0784 /* SceneDelegate.swift in Sources */,
			);
			runOnlyForDeploymentPostprocessing = 0;
		};
/* End PBXSourcesBuildPhase section */

/* Begin PBXVariantGroup section */
		27881877284B813D006D0784 /* Main.storyboard */ = {
			isa = PBXVariantGroup;
			children = (
				27881878284B813D006D0784 /* Base */,
			);
			name = Main.storyboard;
			sourceTree = "<group>";
		};
		2788187F284B813F006D0784 /* LaunchScreen.storyboard */ = {
			isa = PBXVariantGroup;
			children = (
				27881880284B813F006D0784 /* Base */,
			);
			name = LaunchScreen.storyboard;
			sourceTree = "<group>";
		};
/* End PBXVariantGroup section */

/* Begin XCBuildConfiguration section */
		27881883284B813F006D0784 /* Debug */ = {
			isa = XCBuildConfiguration;
			buildSettings = {
				ALWAYS_SEARCH_USER_PATHS = NO;
				CLANG_ANALYZER_NONNULL = YES;
				CLANG_ANALYZER_NUMBER_OBJECT_CONVERSION = YES_AGGRESSIVE;
				CLANG_CXX_LANGUAGE_STANDARD = "gnu++17";
				CLANG_CXX_LIBRARY = "libc++";
				CLANG_ENABLE_MODULES = YES;
				CLANG_ENABLE_OBJC_ARC = YES;
				CLANG_ENABLE_OBJC_WEAK = YES;
				CLANG_WARN_BLOCK_CAPTURE_AUTORELEASING = YES;
				CLANG_WARN_BOOL_CONVERSION = YES;
				CLANG_WARN_COMMA = YES;
				CLANG_WARN_CONSTANT_CONVERSION = YES;
				CLANG_WARN_DEPRECATED_OBJC_IMPLEMENTATIONS = YES;
				CLANG_WARN_DIRECT_OBJC_ISA_USAGE = YES_ERROR;
				CLANG_WARN_DOCUMENTATION_COMMENTS = YES;
				CLANG_WARN_EMPTY_BODY = YES;
				CLANG_WARN_ENUM_CONVERSION = YES;
				CLANG_WARN_INFINITE_RECURSION = YES;
				CLANG_WARN_INT_CONVERSION = YES;
				CLANG_WARN_NON_LITERAL_NULL_CONVERSION = YES;
				CLANG_WARN_OBJC_IMPLICIT_RETAIN_SELF = YES;
				CLANG_WARN_OBJC_LITERAL_CONVERSION = YES;
				CLANG_WARN_OBJC_ROOT_CLASS = YES_ERROR;
				CLANG_WARN_QUOTED_INCLUDE_IN_FRAMEWORK_HEADER = YES;
				CLANG_WARN_RANGE_LOOP_ANALYSIS = YES;
				CLANG_WARN_STRICT_PROTOTYPES = YES;
				CLANG_WARN_SUSPICIOUS_MOVE = YES;
				CLANG_WARN_UNGUARDED_AVAILABILITY = YES_AGGRESSIVE;
				CLANG_WARN_UNREACHABLE_CODE = YES;
				CLANG_WARN__DUPLICATE_METHOD_MATCH = YES;
				COPY_PHASE_STRIP = NO;
				DEBUG_INFORMATION_FORMAT = dwarf;
				ENABLE_STRICT_OBJC_MSGSEND = YES;
				ENABLE_TESTABILITY = YES;
				GCC_C_LANGUAGE_STANDARD = gnu11;
				GCC_DYNAMIC_NO_PIC = NO;
				GCC_NO_COMMON_BLOCKS = YES;
				GCC_OPTIMIZATION_LEVEL = 0;
				GCC_PREPROCESSOR_DEFINITIONS = (
					"DEBUG=1",
					"$(inherited)",
				);
				GCC_WARN_64_TO_32_BIT_CONVERSION = YES;
				GCC_WARN_ABOUT_RETURN_TYPE = YES_ERROR;
				GCC_WARN_UNDECLARED_SELECTOR = YES;
				GCC_WARN_UNINITIALIZED_AUTOS = YES_AGGRESSIVE;
				GCC_WARN_UNUSED_FUNCTION = YES;
				GCC_WARN_UNUSED_VARIABLE = YES;
				IPHONEOS_DEPLOYMENT_TARGET = 15.2;
				MTL_ENABLE_DEBUG_INFO = INCLUDE_SOURCE;
				MTL_FAST_MATH = YES;
				ONLY_ACTIVE_ARCH = YES;
				SDKROOT = iphoneos;
				SWIFT_ACTIVE_COMPILATION_CONDITIONS = DEBUG;
				SWIFT_OPTIMIZATION_LEVEL = "-Onone";
			};
			name = Debug;
		};
		27881884284B813F006D0784 /* Release */ = {
			isa = XCBuildConfiguration;
			buildSettings = {
				ALWAYS_SEARCH_USER_PATHS = NO;
				CLANG_ANALYZER_NONNULL = YES;
				CLANG_ANALYZER_NUMBER_OBJECT_CONVERSION = YES_AGGRESSIVE;
				CLANG_CXX_LANGUAGE_STANDARD = "gnu++17";
				CLANG_CXX_LIBRARY = "libc++";
				CLANG_ENABLE_MODULES = YES;
				CLANG_ENABLE_OBJC_ARC = YES;
				CLANG_ENABLE_OBJC_WEAK = YES;
				CLANG_WARN_BLOCK_CAPTURE_AUTORELEASING = YES;
				CLANG_WARN_BOOL_CONVERSION = YES;
				CLANG_WARN_COMMA = YES;
				CLANG_WARN_CONSTANT_CONVERSION = YES;
				CLANG_WARN_DEPRECATED_OBJC_IMPLEMENTATIONS = YES;
				CLANG_WARN_DIRECT_OBJC_ISA_USAGE = YES_ERROR;
				CLANG_WARN_DOCUMENTATION_COMMENTS = YES;
				CLANG_WARN_EMPTY_BODY = YES;
				CLANG_WARN_ENUM_CONVERSION = YES;
				CLANG_WARN_INFINITE_RECURSION = YES;
				CLANG_WARN_INT_CONVERSION = YES;
				CLANG_WARN_NON_LITERAL_NULL_CONVERSION = YES;
				CLANG_WARN_OBJC_IMPLICIT_RETAIN_SELF = YES;
				CLANG_WARN_OBJC_LITERAL_CONVERSION = YES;
				CLANG_WARN_OBJC_ROOT_CLASS = YES_ERROR;
				CLANG_WARN_QUOTED_INCLUDE_IN_FRAMEWORK_HEADER = YES;
				CLANG_WARN_RANGE_LOOP_ANALYSIS = YES;
				CLANG_WARN_STRICT_PROTOTYPES = YES;
				CLANG_WARN_SUSPICIOUS_MOVE = YES;
				CLANG_WARN_UNGUARDED_AVAILABILITY = YES_AGGRESSIVE;
				CLANG_WARN_UNREACHABLE_CODE = YES;
				CLANG_WARN__DUPLICATE_METHOD_MATCH = YES;
				COPY_PHASE_STRIP = NO;
				DEBUG_INFORMATION_FORMAT = "dwarf-with-dsym";
				ENABLE_NS_ASSERTIONS = NO;
				ENABLE_STRICT_OBJC_MSGSEND = YES;
				GCC_C_LANGUAGE_STANDARD = gnu11;
				GCC_NO_COMMON_BLOCKS = YES;
				GCC_WARN_64_TO_32_BIT_CONVERSION = YES;
				GCC_WARN_ABOUT_RETURN_TYPE = YES_ERROR;
				GCC_WARN_UNDECLARED_SELECTOR = YES;
				GCC_WARN_UNINITIALIZED_AUTOS = YES_AGGRESSIVE;
				GCC_WARN_UNUSED_FUNCTION = YES;
				GCC_WARN_UNUSED_VARIABLE = YES;
				IPHONEOS_DEPLOYMENT_TARGET = 15.2;
				MTL_ENABLE_DEBUG_INFO = NO;
				MTL_FAST_MATH = YES;
				SDKROOT = iphoneos;
				SWIFT_COMPILATION_MODE = wholemodule;
				SWIFT_OPTIMIZATION_LEVEL = "-O";
				VALIDATE_PRODUCT = YES;
			};
			name = Release;
		};
		27881886284B813F006D0784 /* Debug */ = {
			isa = XCBuildConfiguration;
			baseConfigurationReference = 6817AEECF71C9B2B8DBE5591 /* Pods-SampleEmployeeListApp.debug.xcconfig */;
			buildSettings = {
				ASSETCATALOG_COMPILER_APPICON_NAME = AppIcon;
				ASSETCATALOG_COMPILER_GLOBAL_ACCENT_COLOR_NAME = AccentColor;
				CODE_SIGN_STYLE = Automatic;
				CURRENT_PROJECT_VERSION = 1;
				DEVELOPMENT_TEAM = PQGGBCGNCV;
				GENERATE_INFOPLIST_FILE = YES;
				INFOPLIST_FILE = SampleEmployeeListApp/Info.plist;
				INFOPLIST_KEY_UIApplicationSupportsIndirectInputEvents = YES;
				INFOPLIST_KEY_UILaunchStoryboardName = LaunchScreen;
				INFOPLIST_KEY_UIMainStoryboardFile = Main;
				INFOPLIST_KEY_UISupportedInterfaceOrientations_iPad = "UIInterfaceOrientationPortrait UIInterfaceOrientationPortraitUpsideDown UIInterfaceOrientationLandscapeLeft UIInterfaceOrientationLandscapeRight";
				INFOPLIST_KEY_UISupportedInterfaceOrientations_iPhone = "UIInterfaceOrientationPortrait UIInterfaceOrientationLandscapeLeft UIInterfaceOrientationLandscapeRight";
				LD_RUNPATH_SEARCH_PATHS = (
					"$(inherited)",
					"@executable_path/Frameworks",
				);
				MARKETING_VERSION = 1.0;
				PRODUCT_BUNDLE_IDENTIFIER = com.vishnu.SampleEmployeeListApp;
				PRODUCT_NAME = "$(TARGET_NAME)";
				SWIFT_EMIT_LOC_STRINGS = YES;
				SWIFT_VERSION = 5.0;
				TARGETED_DEVICE_FAMILY = "1,2";
			};
			name = Debug;
		};
		27881887284B813F006D0784 /* Release */ = {
			isa = XCBuildConfiguration;
			baseConfigurationReference = ED99FE47BBDB19FBC40833E2 /* Pods-SampleEmployeeListApp.release.xcconfig */;
			buildSettings = {
				ASSETCATALOG_COMPILER_APPICON_NAME = AppIcon;
				ASSETCATALOG_COMPILER_GLOBAL_ACCENT_COLOR_NAME = AccentColor;
				CODE_SIGN_STYLE = Automatic;
				CURRENT_PROJECT_VERSION = 1;
				DEVELOPMENT_TEAM = PQGGBCGNCV;
				GENERATE_INFOPLIST_FILE = YES;
				INFOPLIST_FILE = SampleEmployeeListApp/Info.plist;
				INFOPLIST_KEY_UIApplicationSupportsIndirectInputEvents = YES;
				INFOPLIST_KEY_UILaunchStoryboardName = LaunchScreen;
				INFOPLIST_KEY_UIMainStoryboardFile = Main;
				INFOPLIST_KEY_UISupportedInterfaceOrientations_iPad = "UIInterfaceOrientationPortrait UIInterfaceOrientationPortraitUpsideDown UIInterfaceOrientationLandscapeLeft UIInterfaceOrientationLandscapeRight";
				INFOPLIST_KEY_UISupportedInterfaceOrientations_iPhone = "UIInterfaceOrientationPortrait UIInterfaceOrientationLandscapeLeft UIInterfaceOrientationLandscapeRight";
				LD_RUNPATH_SEARCH_PATHS = (
					"$(inherited)",
					"@executable_path/Frameworks",
				);
				MARKETING_VERSION = 1.0;
				PRODUCT_BUNDLE_IDENTIFIER = com.vishnu.SampleEmployeeListApp;
				PRODUCT_NAME = "$(TARGET_NAME)";
				SWIFT_EMIT_LOC_STRINGS = YES;
				SWIFT_VERSION = 5.0;
				TARGETED_DEVICE_FAMILY = "1,2";
			};
			name = Release;
		};
/* End XCBuildConfiguration section */

/* Begin XCConfigurationList section */
		27881869284B813D006D0784 /* Build configuration list for PBXProject "SampleEmployeeListApp" */ = {
			isa = XCConfigurationList;
			buildConfigurations = (
				27881883284B813F006D0784 /* Debug */,
				27881884284B813F006D0784 /* Release */,
			);
			defaultConfigurationIsVisible = 0;
			defaultConfigurationName = Release;
		};
		27881885284B813F006D0784 /* Build configuration list for PBXNativeTarget "SampleEmployeeListApp" */ = {
			isa = XCConfigurationList;
			buildConfigurations = (
				27881886284B813F006D0784 /* Debug */,
				27881887284B813F006D0784 /* Release */,
			);
			defaultConfigurationIsVisible = 0;
			defaultConfigurationName = Release;
		};
/* End XCConfigurationList section */

/* Begin XCVersionGroup section */
		2788187A284B813D006D0784 /* SampleEmployeeListApp.xcdatamodeld */ = {
			isa = XCVersionGroup;
			children = (
				2788187B284B813D006D0784 /* SampleEmployeeListApp.xcdatamodel */,
			);
			currentVersion = 2788187B284B813D006D0784 /* SampleEmployeeListApp.xcdatamodel */;
			path = SampleEmployeeListApp.xcdatamodeld;
			sourceTree = "<group>";
			versionGroupType = wrapper.xcdatamodel;
		};
/* End XCVersionGroup section */
	};
	rootObject = 27881866284B813D006D0784 /* Project object */;
}
